// !$*UTF8*$!
{
	archiveVersion = 1;
	classes = {
	};
	objectVersion = 46;
	objects = {

/* Begin PBXBuildFile section */
		C96C725A1BDF427800CE901F /* AppDelegate.swift in Sources */ = {isa = PBXBuildFile; fileRef = C96C72591BDF427800CE901F /* AppDelegate.swift */; };
		C96C725C1BDF427800CE901F /* FirstController.swift in Sources */ = {isa = PBXBuildFile; fileRef = C96C725B1BDF427800CE901F /* FirstController.swift */; };
		C96C725F1BDF427800CE901F /* Main.storyboard in Resources */ = {isa = PBXBuildFile; fileRef = C96C725D1BDF427800CE901F /* Main.storyboard */; };
		C96C72641BDF427800CE901F /* LaunchScreen.storyboard in Resources */ = {isa = PBXBuildFile; fileRef = C96C72621BDF427800CE901F /* LaunchScreen.storyboard */; };
		C96C726C1BDF431700CE901F /* SecondController.swift in Sources */ = {isa = PBXBuildFile; fileRef = C96C726B1BDF431700CE901F /* SecondController.swift */; };
		C96C726F1BDF445300CE901F /* CustomInteractionController.swift in Sources */ = {isa = PBXBuildFile; fileRef = C96C726D1BDF445300CE901F /* CustomInteractionController.swift */; };
		C96C72701BDF445300CE901F /* CustomNavigationAnimationController.swift in Sources */ = {isa = PBXBuildFile; fileRef = C96C726E1BDF445300CE901F /* CustomNavigationAnimationController.swift */; };
		C96C72721BDF531700CE901F /* Assets.xcassets in Resources */ = {isa = PBXBuildFile; fileRef = C96C72711BDF531700CE901F /* Assets.xcassets */; };
/* End PBXBuildFile section */

/* Begin PBXFileReference section */
		C96C72561BDF427800CE901F /* SwipeBackConcurrentlyController.app */ = {isa = PBXFileReference; explicitFileType = wrapper.application; includeInIndex = 0; path = SwipeBackConcurrentlyController.app; sourceTree = BUILT_PRODUCTS_DIR; };
		C96C72591BDF427800CE901F /* AppDelegate.swift */ = {isa = PBXFileReference; lastKnownFileType = sourcecode.swift; path = AppDelegate.swift; sourceTree = "<group>"; };
		C96C725B1BDF427800CE901F /* FirstController.swift */ = {isa = PBXFileReference; lastKnownFileType = sourcecode.swift; path = FirstController.swift; sourceTree = "<group>"; };
		C96C725E1BDF427800CE901F /* Base */ = {isa = PBXFileReference; lastKnownFileType = file.storyboard; name = Base; path = Base.lproj/Main.storyboard; sourceTree = "<group>"; };
		C96C72631BDF427800CE901F /* Base */ = {isa = PBXFileReference; lastKnownFileType = file.storyboard; name = Base; path = Base.lproj/LaunchScreen.storyboard; sourceTree = "<group>"; };
		C96C72651BDF427800CE901F /* Info.plist */ = {isa = PBXFileReference; lastKnownFileType = text.plist.xml; path = Info.plist; sourceTree = "<group>"; };
		C96C726B1BDF431700CE901F /* SecondController.swift */ = {isa = PBXFileReference; fileEncoding = 4; lastKnownFileType = sourcecode.swift; path = SecondController.swift; sourceTree = "<group>"; };
		C96C726D1BDF445300CE901F /* CustomInteractionController.swift */ = {isa = PBXFileReference; fileEncoding = 4; lastKnownFileType = sourcecode.swift; path = CustomInteractionController.swift; sourceTree = "<group>"; };
		C96C726E1BDF445300CE901F /* CustomNavigationAnimationController.swift */ = {isa = PBXFileReference; fileEncoding = 4; lastKnownFileType = sourcecode.swift; path = CustomNavigationAnimationController.swift; sourceTree = "<group>"; };
		C96C72711BDF531700CE901F /* Assets.xcassets */ = {isa = PBXFileReference; lastKnownFileType = folder.assetcatalog; path = Assets.xcassets; sourceTree = "<group>"; };
/* End PBXFileReference section */

/* Begin PBXFrameworksBuildPhase section */
		C96C72531BDF427800CE901F /* Frameworks */ = {
			isa = PBXFrameworksBuildPhase;
			buildActionMask = 2147483647;
			files = (
			);
			runOnlyForDeploymentPostprocessing = 0;
		};
/* End PBXFrameworksBuildPhase section */

/* Begin PBXGroup section */
		C96C724D1BDF427800CE901F = {
			isa = PBXGroup;
			children = (
				C96C72581BDF427800CE901F /* SwipeBackConcurrentlyController */,
				C96C72571BDF427800CE901F /* Products */,
			);
			sourceTree = "<group>";
		};
		C96C72571BDF427800CE901F /* Products */ = {
			isa = PBXGroup;
			children = (
				C96C72561BDF427800CE901F /* SwipeBackConcurrentlyController.app */,
			);
			name = Products;
			sourceTree = "<group>";
		};
		C96C72581BDF427800CE901F /* SwipeBackConcurrentlyController */ = {
			isa = PBXGroup;
			children = (
				C96C72591BDF427800CE901F /* AppDelegate.swift */,
				C96C725B1BDF427800CE901F /* FirstController.swift */,
				C96C726B1BDF431700CE901F /* SecondController.swift */,
				C96C726D1BDF445300CE901F /* CustomInteractionController.swift */,
				C96C726E1BDF445300CE901F /* CustomNavigationAnimationController.swift */,
				C96C725D1BDF427800CE901F /* Main.storyboard */,
				C96C72621BDF427800CE901F /* LaunchScreen.storyboard */,
				C96C72711BDF531700CE901F /* Assets.xcassets */,
				C96C72651BDF427800CE901F /* Info.plist */,
			);
			path = SwipeBackConcurrentlyController;
			sourceTree = "<group>";
		};
/* End PBXGroup section */

/* Begin PBXNativeTarget section */
		C96C72551BDF427800CE901F /* SwipeBackConcurrentlyController */ = {
			isa = PBXNativeTarget;
			buildConfigurationList = C96C72681BDF427800CE901F /* Build configuration list for PBXNativeTarget "SwipeBackConcurrentlyController" */;
			buildPhases = (
				C96C72521BDF427800CE901F /* Sources */,
				C96C72531BDF427800CE901F /* Frameworks */,
				C96C72541BDF427800CE901F /* Resources */,
			);
			buildRules = (
			);
			dependencies = (
			);
			name = SwipeBackConcurrentlyController;
			productName = SwipeBackConcurrentlyController;
			productReference = C96C72561BDF427800CE901F /* SwipeBackConcurrentlyController.app */;
			productType = "com.apple.product-type.application";
		};
/* End PBXNativeTarget section */

/* Begin PBXProject section */
		C96C724E1BDF427800CE901F /* Project object */ = {
			isa = PBXProject;
			attributes = {
				LastSwiftUpdateCheck = 0710;
				LastUpgradeCheck = 0710;
				ORGANIZATIONNAME = keepitreal;
				TargetAttributes = {
					C96C72551BDF427800CE901F = {
						CreatedOnToolsVersion = 7.1;
					};
				};
			};
			buildConfigurationList = C96C72511BDF427800CE901F /* Build configuration list for PBXProject "SwipeBackConcurrentlyController" */;
			compatibilityVersion = "Xcode 3.2";
			developmentRegion = English;
			hasScannedForEncodings = 0;
			knownRegions = (
				en,
				Base,
			);
			mainGroup = C96C724D1BDF427800CE901F;
			productRefGroup = C96C72571BDF427800CE901F /* Products */;
			projectDirPath = "";
			projectRoot = "";
			targets = (
				C96C72551BDF427800CE901F /* SwipeBackConcurrentlyController */,
			);
		};
/* End PBXProject section */

/* Begin PBXResourcesBuildPhase section */
		C96C72541BDF427800CE901F /* Resources */ = {
			isa = PBXResourcesBuildPhase;
			buildActionMask = 2147483647;
			files = (
				C96C72641BDF427800CE901F /* LaunchScreen.storyboard in Resources */,
				C96C72721BDF531700CE901F /* Assets.xcassets in Resources */,
				C96C725F1BDF427800CE901F /* Main.storyboard in Resources */,
			);
			runOnlyForDeploymentPostprocessing = 0;
		};
/* End PBXResourcesBuildPhase section */

/* Begin PBXSourcesBuildPhase section */
		C96C72521BDF427800CE901F /* Sources */ = {
			isa = PBXSourcesBuildPhase;
			buildActionMask = 2147483647;
			files = (
				C96C726C1BDF431700CE901F /* SecondController.swift in Sources */,
				C96C726F1BDF445300CE901F /* CustomInteractionController.swift in Sources */,
				C96C725C1BDF427800CE901F /* FirstController.swift in Sources */,
				C96C725A1BDF427800CE901F /* AppDelegate.swift in Sources */,
				C96C72701BDF445300CE901F /* CustomNavigationAnimationController.swift in Sources */,
			);
			runOnlyForDeploymentPostprocessing = 0;
		};
/* End PBXSourcesBuildPhase section */

/* Begin PBXVariantGroup section */
		C96C725D1BDF427800CE901F /* Main.storyboard */ = {
			isa = PBXVariantGroup;
			children = (
				C96C725E1BDF427800CE901F /* Base */,
			);
			name = Main.storyboard;
			sourceTree = "<group>";
		};
		C96C72621BDF427800CE901F /* LaunchScreen.storyboard */ = {
			isa = PBXVariantGroup;
			children = (
				C96C72631BDF427800CE901F /* Base */,
			);
			name = LaunchScreen.storyboard;
			sourceTree = "<group>";
		};
/* End PBXVariantGroup section */

/* Begin XCBuildConfiguration section */
		C96C72661BDF427800CE901F /* Debug */ = {
			isa = XCBuildConfiguration;
			buildSettings = {
				ALWAYS_SEARCH_USER_PATHS = NO;
				CLANG_CXX_LANGUAGE_STANDARD = "gnu++0x";
				CLANG_CXX_LIBRARY = "libc++";
				CLANG_ENABLE_MODULES = YES;
				CLANG_ENABLE_OBJC_ARC = YES;
				CLANG_WARN_BOOL_CONVERSION = YES;
				CLANG_WARN_CONSTANT_CONVERSION = YES;
				CLANG_WARN_DIRECT_OBJC_ISA_USAGE = YES_ERROR;
				CLANG_WARN_EMPTY_BODY = YES;
				CLANG_WARN_ENUM_CONVERSION = YES;
				CLANG_WARN_INT_CONVERSION = YES;
				CLANG_WARN_OBJC_ROOT_CLASS = YES_ERROR;
				CLANG_WARN_UNREACHABLE_CODE = YES;
				CLANG_WARN__DUPLICATE_METHOD_MATCH = YES;
				"CODE_SIGN_IDENTITY[sdk=iphoneos*]" = "iPhone Developer";
				COPY_PHASE_STRIP = NO;
				DEBUG_INFORMATION_FORMAT = dwarf;
				ENABLE_STRICT_OBJC_MSGSEND = YES;
				ENABLE_TESTABILITY = YES;
				GCC_C_LANGUAGE_STANDARD = gnu99;
				GCC_DYNAMIC_NO_PIC = NO;
				GCC_NO_COMMON_BLOCKS = YES;
				GCC_OPTIMIZATION_LEVEL = 0;
				GCC_PREPROCESSOR_DEFINITIONS = (
					"DEBUG=1",
					"$(inherited)",
				);
				GCC_WARN_64_TO_32_BIT_CONVERSION = YES;
				GCC_WARN_ABOUT_RETURN_TYPE = YES_ERROR;
				GCC_WARN_UNDECLARED_SELECTOR = YES;
				GCC_WARN_UNINITIALIZED_AUTOS = YES_AGGRESSIVE;
				GCC_WARN_UNUSED_FUNCTION = YES;
				GCC_WARN_UNUSED_VARIABLE = YES;
				IPHONEOS_DEPLOYMENT_TARGET = 9.1;
				MTL_ENABLE_DEBUG_INFO = YES;
				ONLY_ACTIVE_ARCH = YES;
				SDKROOT = iphoneos;
				SWIFT_OPTIMIZATION_LEVEL = "-Onone";
			};
			name = Debug;
		};
		C96C72671BDF427800CE901F /* Release */ = {
			isa = XCBuildConfiguration;
			buildSettings = {
				ALWAYS_SEARCH_USER_PATHS = NO;
				CLANG_CXX_LANGUAGE_STANDARD = "gnu++0x";
				CLANG_CXX_LIBRARY = "libc++";
				CLANG_ENABLE_MODULES = YES;
				CLANG_ENABLE_OBJC_ARC = YES;
				CLANG_WARN_BOOL_CONVERSION = YES;
				CLANG_WARN_CONSTANT_CONVERSION = YES;
				CLANG_WARN_DIRECT_OBJC_ISA_USAGE = YES_ERROR;
				CLANG_WARN_EMPTY_BODY = YES;
				CLANG_WARN_ENUM_CONVERSION = YES;
				CLANG_WARN_INT_CONVERSION = YES;
				CLANG_WARN_OBJC_ROOT_CLASS = YES_ERROR;
				CLANG_WARN_UNREACHABLE_CODE = YES;
				CLANG_WARN__DUPLICATE_METHOD_MATCH = YES;
				"CODE_SIGN_IDENTITY[sdk=iphoneos*]" = "iPhone Developer";
				COPY_PHASE_STRIP = NO;
				DEBUG_INFORMATION_FORMAT = "dwarf-with-dsym";
				ENABLE_NS_ASSERTIONS = NO;
				ENABLE_STRICT_OBJC_MSGSEND = YES;
				GCC_C_LANGUAGE_STANDARD = gnu99;
				GCC_NO_COMMON_BLOCKS = YES;
				GCC_WARN_64_TO_32_BIT_CONVERSION = YES;
				GCC_WARN_ABOUT_RETURN_TYPE = YES_ERROR;
				GCC_WARN_UNDECLARED_SELECTOR = YES;
				GCC_WARN_UNINITIALIZED_AUTOS = YES_AGGRESSIVE;
				GCC_WARN_UNUSED_FUNCTION = YES;
				GCC_WARN_UNUSED_VARIABLE = YES;
				IPHONEOS_DEPLOYMENT_TARGET = 9.1;
				MTL_ENABLE_DEBUG_INFO = NO;
				SDKROOT = iphoneos;
				VALIDATE_PRODUCT = YES;
			};
			name = Release;
		};
		C96C72691BDF427800CE901F /* Debug */ = {
			isa = XCBuildConfiguration;
			buildSettings = {
				ASSETCATALOG_COMPILER_APPICON_NAME = AppIcon;
				INFOPLIST_FILE = SwipeBackConcurrentlyController/Info.plist;
				LD_RUNPATH_SEARCH_PATHS = "$(inherited) @executable_path/Frameworks";
				PRODUCT_BUNDLE_IDENTIFIER = jp.keepitreal.SwipeBackConcurrentlyController;
				PRODUCT_NAME = "$(TARGET_NAME)";
			};
			name = Debug;
		};
		C96C726A1BDF427800CE901F /* Release */ = {
			isa = XCBuildConfiguration;
			buildSettings = {
				ASSETCATALOG_COMPILER_APPICON_NAME = AppIcon;
				INFOPLIST_FILE = SwipeBackConcurrentlyController/Info.plist;
				LD_RUNPATH_SEARCH_PATHS = "$(inherited) @executable_path/Frameworks";
				PRODUCT_BUNDLE_IDENTIFIER = jp.keepitreal.SwipeBackConcurrentlyController;
				PRODUCT_NAME = "$(TARGET_NAME)";
			};
			name = Release;
		};
/* End XCBuildConfiguration section */

/* Begin XCConfigurationList section */
		C96C72511BDF427800CE901F /* Build configuration list for PBXProject "SwipeBackConcurrentlyController" */ = {
			isa = XCConfigurationList;
			buildConfigurations = (
				C96C72661BDF427800CE901F /* Debug */,
				C96C72671BDF427800CE901F /* Release */,
			);
			defaultConfigurationIsVisible = 0;
			defaultConfigurationName = Release;
		};
		C96C72681BDF427800CE901F /* Build configuration list for PBXNativeTarget "SwipeBackConcurrentlyController" */ = {
			isa = XCConfigurationList;
			buildConfigurations = (
				C96C72691BDF427800CE901F /* Debug */,
				C96C726A1BDF427800CE901F /* Release */,
			);
			defaultConfigurationIsVisible = 0;
			defaultConfigurationName = Release;
		};
/* End XCConfigurationList section */
	};
	rootObject = C96C724E1BDF427800CE901F /* Project object */;
}
